// !$*UTF8*$!
{
	archiveVersion = 1;
	classes = {
	};
	objectVersion = 77;
	objects = {

/* Begin PBXBuildFile section */
		04E60DA498B653577C039043 /* FixtureRedditClient.swift in Sources */ = {isa = PBXBuildFile; fileRef = 1970066AA56F197B0996D80D /* FixtureRedditClient.swift */; };
		052AAB1BF3F700225D78A2C6 /* HelpIndex.swift in Sources */ = {isa = PBXBuildFile; fileRef = F05F6676B96EE84BE6CDDBA5 /* HelpIndex.swift */; };
		0A5755A96D7CD5089EC0CA5A /* RedditModels.swift in Sources */ = {isa = PBXBuildFile; fileRef = 99CED08BA2A607B044074805 /* RedditModels.swift */; };
		11F29E1BC7F07E730165C797 /* CredentialVaultAdapter.swift in Sources */ = {isa = PBXBuildFile; fileRef = C71BA624BF83182C893578AD /* CredentialVaultAdapter.swift */; };
		201D9A12DC175D26789DA1F8 /* RedditLoginView.swift in Sources */ = {isa = PBXBuildFile; fileRef = BD8CFDF9F2C75F0167448709 /* RedditLoginView.swift */; };
		246C1EF54E7D5B307071FBAA /* SummaryCardView.swift in Sources */ = {isa = PBXBuildFile; fileRef = 4D04099852D737829BE64637 /* SummaryCardView.swift */; };
		27E361ABFC3D63F905BE80D9 /* PersistenceStore.swift in Sources */ = {isa = PBXBuildFile; fileRef = B0C4482B43C636739A28423F /* PersistenceStore.swift */; };
		2A7E4A2EB458E3657C29581B /* FeatureModels.swift in Sources */ = {isa = PBXBuildFile; fileRef = F7C84D51B97CFC0FB4EEE15A /* FeatureModels.swift */; };
		2FF9DB4CD56F94FE75912AEE /* MediaRouteView.swift in Sources */ = {isa = PBXBuildFile; fileRef = 3ADA388BB004941BD91E22CA /* MediaRouteView.swift */; };
		39C6B92F2E80ADC4E0458A66 /* AppRouter.swift in Sources */ = {isa = PBXBuildFile; fileRef = 59A287AE959E035169DCABB0 /* AppRouter.swift */; };
		3A8EE4EAA97C1AE54E0B649A /* ServiceStubs.swift in Sources */ = {isa = PBXBuildFile; fileRef = 889D3E6DB5EDF8321CE400B4 /* ServiceStubs.swift */; };
		3AE264437D0FA0858EF3C12E /* AVFoundationMediaService.swift in Sources */ = {isa = PBXBuildFile; fileRef = B4C9BC1072D53084B618A5B7 /* AVFoundationMediaService.swift */; };
		3C48EF499910350DCB898F90 /* AppleIntelligenceService.swift in Sources */ = {isa = PBXBuildFile; fileRef = BC9CE904ED045BA98099E224 /* AppleIntelligenceService.swift */; };
		4953D0C9E7C13BFB34A4CBEA /* ServiceContracts.swift in Sources */ = {isa = PBXBuildFile; fileRef = 89DF98B8CE5B94AC693B214F /* ServiceContracts.swift */; };
		4C816290286A9E2EC5FD6459 /* OctonautApp.swift in Sources */ = {isa = PBXBuildFile; fileRef = 67D85981A96D1DAEB2054FEE /* OctonautApp.swift */; };
		4E2540392F22049BD8A34652 /* RedditJSONCodec.swift in Sources */ = {isa = PBXBuildFile; fileRef = 2E32DDD4BF4BDE1ADD3C748C /* RedditJSONCodec.swift */; };
		50B6F6CBEB852B0721734E16 /* AppDependencies.swift in Sources */ = {isa = PBXBuildFile; fileRef = 448851F7FD9FA586F6048209 /* AppDependencies.swift */; };
		523DCD4D947BCBC7E3B6DDB9 /* HelpGuideView.swift in Sources */ = {isa = PBXBuildFile; fileRef = 091827734AB214F394F68079 /* HelpGuideView.swift */; };
		526CD8E9B8C86D091DE1240F /* DomainTests.swift in Sources */ = {isa = PBXBuildFile; fileRef = FB2DC9BA8F0716AA5C08E47D /* DomainTests.swift */; };
		5459742D686683C292C91368 /* OctonautTheme.swift in Sources */ = {isa = PBXBuildFile; fileRef = 5F3891A7136DD9BFCDF81FE2 /* OctonautTheme.swift */; };
		5A0CF429F7D40B9C956DCE97 /* AccountCoordinator.swift in Sources */ = {isa = PBXBuildFile; fileRef = F0BB58F53FBE4C922CB767A2 /* AccountCoordinator.swift */; };
		5A8EB0D94E6B34D7C9A39FE2 /* GalleryPagerView.swift in Sources */ = {isa = PBXBuildFile; fileRef = 242DDCD5C118F9FF65F62AB0 /* GalleryPagerView.swift */; };
		5FEB0AC27ABC6CDC2C687296 /* SearchRuntime.swift in Sources */ = {isa = PBXBuildFile; fileRef = F5A8C70EC7DF9A47E073451B /* SearchRuntime.swift */; };
		67A66E3C4547927C2EE81458 /* SwiftDataModels.swift in Sources */ = {isa = PBXBuildFile; fileRef = 99BAF70BB044AF9E1AD69D1E /* SwiftDataModels.swift */; };
		6CF0C15347E199FC27CA17EA /* FeatureShell.swift in Sources */ = {isa = PBXBuildFile; fileRef = 6BF8778D3102A116E6B4AF51 /* FeatureShell.swift */; };
		6D24FACC0269E7C4B063AFFD /* SettingsStore.swift in Sources */ = {isa = PBXBuildFile; fileRef = FF230AB5591E50589BC7FD7C /* SettingsStore.swift */; };
		7582C6EDB08F1DCF7251483B /* IntelligenceTests.swift in Sources */ = {isa = PBXBuildFile; fileRef = A9D03C5C0664CE00664AB03A /* IntelligenceTests.swift */; };
		758D6B663D9A136C9EC28889 /* InboxViews.swift in Sources */ = {isa = PBXBuildFile; fileRef = 1A8A0B349EB70BF91E43C452 /* InboxViews.swift */; };
		76967B7249AC59E420FD54FC /* PostDetailViews.swift in Sources */ = {isa = PBXBuildFile; fileRef = 6C8CF8359E566BE9C4DCE81A /* PostDetailViews.swift */; };
		7810659A96D810815532AE02 /* SemanticFilterEngine.swift in Sources */ = {isa = PBXBuildFile; fileRef = 521992A2CB98C65A1B425295 /* SemanticFilterEngine.swift */; };
		78EF763216657A410044105E /* PostsViews.swift in Sources */ = {isa = PBXBuildFile; fileRef = B2210C0C24DFF792FE8DC5BB /* PostsViews.swift */; };
		7FF3CF3BC85886741124899E /* RedditClient.swift in Sources */ = {isa = PBXBuildFile; fileRef = D10FEC800F46435E917A2D81 /* RedditClient.swift */; };
		85E1D81EFB6FC808E3C48BE0 /* SettingsTests.swift in Sources */ = {isa = PBXBuildFile; fileRef = 6DCAEC32043F4E3095B10E2A /* SettingsTests.swift */; };
		8AE0E56E1FCD5CC25142CF45 /* OctonautMediaComponents.swift in Sources */ = {isa = PBXBuildFile; fileRef = 2227B15B7D816A2D13625A96 /* OctonautMediaComponents.swift */; };
		B1B2C3D4E5F60718293A4B5C /* OctonautImageCache.swift in Sources */ = {isa = PBXBuildFile; fileRef = A1B2C3D4E5F60718293A4B5C /* OctonautImageCache.swift */; };
		8DFB14BCAFAA44026BEC3C5E /* Fixtures.swift in Sources */ = {isa = PBXBuildFile; fileRef = E0A3935FC274589D0153848F /* Fixtures.swift */; };
		8ED05769FF6F711A6199A531 /* Assets.xcassets in Resources */ = {isa = PBXBuildFile; fileRef = 16D534688C88C6BD7A41D954 /* Assets.xcassets */; };
		961D5430D9B54A609F2DBB89 /* ComposerView.swift in Sources */ = {isa = PBXBuildFile; fileRef = 57F3561C8E40A24723D434F2 /* ComposerView.swift */; };
		A10118D11EF095C44B6C0D7D /* AccountViews.swift in Sources */ = {isa = PBXBuildFile; fileRef = 9719DD5BF3279C9729B541ED /* AccountViews.swift */; };
		A41918354551C42A127015C0 /* SemanticFilterSettingsView.swift in Sources */ = {isa = PBXBuildFile; fileRef = 11CE854523A6E969A1F390C5 /* SemanticFilterSettingsView.swift */; };
		A4EC7E48A86EA39A69395697 /* CoreModels.swift in Sources */ = {isa = PBXBuildFile; fileRef = 56C76713C22D86A4C65BD107 /* CoreModels.swift */; };
		B600E72E45D4995BE8ECA4AD /* KeychainSecretStore.swift in Sources */ = {isa = PBXBuildFile; fileRef = 59DBE427E9F718C336F15D05 /* KeychainSecretStore.swift */; };
		BBB6EADD4D3333F8F7237262 /* AuthenticatedRedditService.swift in Sources */ = {isa = PBXBuildFile; fileRef = 54C2BC48600A50CD5582D170 /* AuthenticatedRedditService.swift */; };
		BF50C89C8E61B1A952BB21A5 /* NOTES.md in Resources */ = {isa = PBXBuildFile; fileRef = 91192762FCDA17BB617946AE /* NOTES.md */; };
		D0C847B8967E8AA8D2A49BB5 /* OctonautComponents.swift in Sources */ = {isa = PBXBuildFile; fileRef = 12CB2A6D7E809740CCDC83AA /* OctonautComponents.swift */; };
		D3A2149096175007A5727CB7 /* DeterministicExcerpts.swift in Sources */ = {isa = PBXBuildFile; fileRef = 8306C7B3EF056C4337D48587 /* DeterministicExcerpts.swift */; };
		D8AF595399307DB6E938F62D /* AccountsAndDrafts.swift in Sources */ = {isa = PBXBuildFile; fileRef = C558368C534ECDBA5AFEAFEE /* AccountsAndDrafts.swift */; };
		E06A71915CD5F38D8E41F46B /* RedditSessionValidator.swift in Sources */ = {isa = PBXBuildFile; fileRef = 22BC5E9A904D43A93FEE8DF2 /* RedditSessionValidator.swift */; };
		E07BD5A4C45A84689F9045E6 /* SearchViews.swift in Sources */ = {isa = PBXBuildFile; fileRef = E879CAB425165F563818B2AF /* SearchViews.swift */; };
		E24CCCB016F4EBD45AD02E33 /* AccountCredentialVault.swift in Sources */ = {isa = PBXBuildFile; fileRef = 3A90DE5AC00B19FAE0703B8B /* AccountCredentialVault.swift */; };
		E3E4B373BDC0ACFBD17B4A4C /* PersistenceTests.swift in Sources */ = {isa = PBXBuildFile; fileRef = 274A59F5B87C251E8FB7A606 /* PersistenceTests.swift */; };
		EF4281B1556C87382EEA5EEA /* NavigationAndSorting.swift in Sources */ = {isa = PBXBuildFile; fileRef = 6D494E018A47BA7F68C70327 /* NavigationAndSorting.swift */; };
		EF6BF20F1F05D3FAF87915D2 /* AppRootView.swift in Sources */ = {isa = PBXBuildFile; fileRef = F420445C24EF26E2A5063E64 /* AppRootView.swift */; };
		F8BEA3C69E13B211EB46D9A9 /* Identifiers.swift in Sources */ = {isa = PBXBuildFile; fileRef = 2CF65D6AC5BFBC8108845D2B /* Identifiers.swift */; };
		FAB8E7CE497DA6EF75436C8D /* SettingsViews.swift in Sources */ = {isa = PBXBuildFile; fileRef = 4A34D1910A24C7A7E0E088C3 /* SettingsViews.swift */; };
/* End PBXBuildFile section */

/* Begin PBXContainerItemProxy section */
		51C5E471862AA7A0D3337B0F /* PBXContainerItemProxy */ = {
			isa = PBXContainerItemProxy;
			containerPortal = 7C99788021B5381CF4813F3A /* Project object */;
			proxyType = 1;
			remoteGlobalIDString = 1902E676D355BAB18C101D9C;
			remoteInfo = Octonaut;
		};
/* End PBXContainerItemProxy section */

/* Begin PBXFileReference section */
		091827734AB214F394F68079 /* HelpGuideView.swift */ = {isa = PBXFileReference; lastKnownFileType = sourcecode.swift; path = HelpGuideView.swift; sourceTree = "<group>"; };
		0A49FB85EB8E9610DA1E5BBB /* Info.plist */ = {isa = PBXFileReference; lastKnownFileType = text.plist; path = Info.plist; sourceTree = "<group>"; };
		11CE854523A6E969A1F390C5 /* SemanticFilterSettingsView.swift */ = {isa = PBXFileReference; lastKnownFileType = sourcecode.swift; path = SemanticFilterSettingsView.swift; sourceTree = "<group>"; };
		12CB2A6D7E809740CCDC83AA /* OctonautComponents.swift */ = {isa = PBXFileReference; lastKnownFileType = sourcecode.swift; path = OctonautComponents.swift; sourceTree = "<group>"; };
		16D534688C88C6BD7A41D954 /* Assets.xcassets */ = {isa = PBXFileReference; lastKnownFileType = folder.assetcatalog; path = Assets.xcassets; sourceTree = "<group>"; };
		1970066AA56F197B0996D80D /* FixtureRedditClient.swift */ = {isa = PBXFileReference; lastKnownFileType = sourcecode.swift; path = FixtureRedditClient.swift; sourceTree = "<group>"; };
		1A8A0B349EB70BF91E43C452 /* InboxViews.swift */ = {isa = PBXFileReference; lastKnownFileType = sourcecode.swift; path = InboxViews.swift; sourceTree = "<group>"; };
		2227B15B7D816A2D13625A96 /* OctonautMediaComponents.swift */ = {isa = PBXFileReference; lastKnownFileType = sourcecode.swift; path = OctonautMediaComponents.swift; sourceTree = "<group>"; };
		A1B2C3D4E5F60718293A4B5C /* OctonautImageCache.swift */ = {isa = PBXFileReference; lastKnownFileType = sourcecode.swift; path = OctonautImageCache.swift; sourceTree = "<group>"; };
		22BC5E9A904D43A93FEE8DF2 /* RedditSessionValidator.swift */ = {isa = PBXFileReference; lastKnownFileType = sourcecode.swift; path = RedditSessionValidator.swift; sourceTree = "<group>"; };
		242DDCD5C118F9FF65F62AB0 /* GalleryPagerView.swift */ = {isa = PBXFileReference; lastKnownFileType = sourcecode.swift; path = GalleryPagerView.swift; sourceTree = "<group>"; };
		274A59F5B87C251E8FB7A606 /* PersistenceTests.swift */ = {isa = PBXFileReference; lastKnownFileType = sourcecode.swift; path = PersistenceTests.swift; sourceTree = "<group>"; };
		2CF65D6AC5BFBC8108845D2B /* Identifiers.swift */ = {isa = PBXFileReference; lastKnownFileType = sourcecode.swift; path = Identifiers.swift; sourceTree = "<group>"; };
		2E32DDD4BF4BDE1ADD3C748C /* RedditJSONCodec.swift */ = {isa = PBXFileReference; lastKnownFileType = sourcecode.swift; path = RedditJSONCodec.swift; sourceTree = "<group>"; };
		30AE4448EC56756C5E1BD15C /* OctonautTests.xctest */ = {isa = PBXFileReference; explicitFileType = wrapper.cfbundle; includeInIndex = 0; path = OctonautTests.xctest; sourceTree = BUILT_PRODUCTS_DIR; };
		3A90DE5AC00B19FAE0703B8B /* AccountCredentialVault.swift */ = {isa = PBXFileReference; lastKnownFileType = sourcecode.swift; path = AccountCredentialVault.swift; sourceTree = "<group>"; };
		3ADA388BB004941BD91E22CA /* MediaRouteView.swift */ = {isa = PBXFileReference; lastKnownFileType = sourcecode.swift; path = MediaRouteView.swift; sourceTree = "<group>"; };
		448851F7FD9FA586F6048209 /* AppDependencies.swift */ = {isa = PBXFileReference; lastKnownFileType = sourcecode.swift; path = AppDependencies.swift; sourceTree = "<group>"; };
		4A34D1910A24C7A7E0E088C3 /* SettingsViews.swift */ = {isa = PBXFileReference; lastKnownFileType = sourcecode.swift; path = SettingsViews.swift; sourceTree = "<group>"; };
		4D04099852D737829BE64637 /* SummaryCardView.swift */ = {isa = PBXFileReference; lastKnownFileType = sourcecode.swift; path = SummaryCardView.swift; sourceTree = "<group>"; };
		521992A2CB98C65A1B425295 /* SemanticFilterEngine.swift */ = {isa = PBXFileReference; lastKnownFileType = sourcecode.swift; path = SemanticFilterEngine.swift; sourceTree = "<group>"; };
		54C2BC48600A50CD5582D170 /* AuthenticatedRedditService.swift */ = {isa = PBXFileReference; lastKnownFileType = sourcecode.swift; path = AuthenticatedRedditService.swift; sourceTree = "<group>"; };
		56C76713C22D86A4C65BD107 /* CoreModels.swift */ = {isa = PBXFileReference; lastKnownFileType = sourcecode.swift; path = CoreModels.swift; sourceTree = "<group>"; };
		57F3561C8E40A24723D434F2 /* ComposerView.swift */ = {isa = PBXFileReference; lastKnownFileType = sourcecode.swift; path = ComposerView.swift; sourceTree = "<group>"; };
		59A287AE959E035169DCABB0 /* AppRouter.swift */ = {isa = PBXFileReference; lastKnownFileType = sourcecode.swift; path = AppRouter.swift; sourceTree = "<group>"; };
		59DBE427E9F718C336F15D05 /* KeychainSecretStore.swift */ = {isa = PBXFileReference; lastKnownFileType = sourcecode.swift; path = KeychainSecretStore.swift; sourceTree = "<group>"; };
		5F3891A7136DD9BFCDF81FE2 /* OctonautTheme.swift */ = {isa = PBXFileReference; lastKnownFileType = sourcecode.swift; path = OctonautTheme.swift; sourceTree = "<group>"; };
		67D85981A96D1DAEB2054FEE /* OctonautApp.swift */ = {isa = PBXFileReference; lastKnownFileType = sourcecode.swift; path = OctonautApp.swift; sourceTree = "<group>"; };
		6BF8778D3102A116E6B4AF51 /* FeatureShell.swift */ = {isa = PBXFileReference; lastKnownFileType = sourcecode.swift; path = FeatureShell.swift; sourceTree = "<group>"; };
		6C8CF8359E566BE9C4DCE81A /* PostDetailViews.swift */ = {isa = PBXFileReference; lastKnownFileType = sourcecode.swift; path = PostDetailViews.swift; sourceTree = "<group>"; };
		6D494E018A47BA7F68C70327 /* NavigationAndSorting.swift */ = {isa = PBXFileReference; lastKnownFileType = sourcecode.swift; path = NavigationAndSorting.swift; sourceTree = "<group>"; };
		6DCAEC32043F4E3095B10E2A /* SettingsTests.swift */ = {isa = PBXFileReference; lastKnownFileType = sourcecode.swift; path = SettingsTests.swift; sourceTree = "<group>"; };
		8306C7B3EF056C4337D48587 /* DeterministicExcerpts.swift */ = {isa = PBXFileReference; lastKnownFileType = sourcecode.swift; path = DeterministicExcerpts.swift; sourceTree = "<group>"; };
		889D3E6DB5EDF8321CE400B4 /* ServiceStubs.swift */ = {isa = PBXFileReference; lastKnownFileType = sourcecode.swift; path = ServiceStubs.swift; sourceTree = "<group>"; };
		89DF98B8CE5B94AC693B214F /* ServiceContracts.swift */ = {isa = PBXFileReference; lastKnownFileType = sourcecode.swift; path = ServiceContracts.swift; sourceTree = "<group>"; };
		91192762FCDA17BB617946AE /* NOTES.md */ = {isa = PBXFileReference; lastKnownFileType = net.daringfireball.markdown; path = NOTES.md; sourceTree = "<group>"; };
		9719DD5BF3279C9729B541ED /* AccountViews.swift */ = {isa = PBXFileReference; lastKnownFileType = sourcecode.swift; path = AccountViews.swift; sourceTree = "<group>"; };
		99BAF70BB044AF9E1AD69D1E /* SwiftDataModels.swift */ = {isa = PBXFileReference; lastKnownFileType = sourcecode.swift; path = SwiftDataModels.swift; sourceTree = "<group>"; };
		99CED08BA2A607B044074805 /* RedditModels.swift */ = {isa = PBXFileReference; lastKnownFileType = sourcecode.swift; path = RedditModels.swift; sourceTree = "<group>"; };
		A03AD458002CBC7ED2F08CEB /* Octonaut.app */ = {isa = PBXFileReference; explicitFileType = wrapper.application; includeInIndex = 0; path = Octonaut.app; sourceTree = BUILT_PRODUCTS_DIR; };
		A9D03C5C0664CE00664AB03A /* IntelligenceTests.swift */ = {isa = PBXFileReference; lastKnownFileType = sourcecode.swift; path = IntelligenceTests.swift; sourceTree = "<group>"; };
		B0C4482B43C636739A28423F /* PersistenceStore.swift */ = {isa = PBXFileReference; lastKnownFileType = sourcecode.swift; path = PersistenceStore.swift; sourceTree = "<group>"; };
		B2210C0C24DFF792FE8DC5BB /* PostsViews.swift */ = {isa = PBXFileReference; lastKnownFileType = sourcecode.swift; path = PostsViews.swift; sourceTree = "<group>"; };
		B4C9BC1072D53084B618A5B7 /* AVFoundationMediaService.swift */ = {isa = PBXFileReference; lastKnownFileType = sourcecode.swift; path = AVFoundationMediaService.swift; sourceTree = "<group>"; };
		BC9CE904ED045BA98099E224 /* AppleIntelligenceService.swift */ = {isa = PBXFileReference; lastKnownFileType = sourcecode.swift; path = AppleIntelligenceService.swift; sourceTree = "<group>"; };
		BD8CFDF9F2C75F0167448709 /* RedditLoginView.swift */ = {isa = PBXFileReference; lastKnownFileType = sourcecode.swift; path = RedditLoginView.swift; sourceTree = "<group>"; };
		C558368C534ECDBA5AFEAFEE /* AccountsAndDrafts.swift */ = {isa = PBXFileReference; lastKnownFileType = sourcecode.swift; path = AccountsAndDrafts.swift; sourceTree = "<group>"; };
		C71BA624BF83182C893578AD /* CredentialVaultAdapter.swift */ = {isa = PBXFileReference; lastKnownFileType = sourcecode.swift; path = CredentialVaultAdapter.swift; sourceTree = "<group>"; };
		D10FEC800F46435E917A2D81 /* RedditClient.swift */ = {isa = PBXFileReference; lastKnownFileType = sourcecode.swift; path = RedditClient.swift; sourceTree = "<group>"; };
		E0A3935FC274589D0153848F /* Fixtures.swift */ = {isa = PBXFileReference; lastKnownFileType = sourcecode.swift; path = Fixtures.swift; sourceTree = "<group>"; };
		E879CAB425165F563818B2AF /* SearchViews.swift */ = {isa = PBXFileReference; lastKnownFileType = sourcecode.swift; path = SearchViews.swift; sourceTree = "<group>"; };
		F05F6676B96EE84BE6CDDBA5 /* HelpIndex.swift */ = {isa = PBXFileReference; lastKnownFileType = sourcecode.swift; path = HelpIndex.swift; sourceTree = "<group>"; };
		F0BB58F53FBE4C922CB767A2 /* AccountCoordinator.swift */ = {isa = PBXFileReference; lastKnownFileType = sourcecode.swift; path = AccountCoordinator.swift; sourceTree = "<group>"; };
		F420445C24EF26E2A5063E64 /* AppRootView.swift */ = {isa = PBXFileReference; lastKnownFileType = sourcecode.swift; path = AppRootView.swift; sourceTree = "<group>"; };
		F5A8C70EC7DF9A47E073451B /* SearchRuntime.swift */ = {isa = PBXFileReference; lastKnownFileType = sourcecode.swift; path = SearchRuntime.swift; sourceTree = "<group>"; };
		F7C84D51B97CFC0FB4EEE15A /* FeatureModels.swift */ = {isa = PBXFileReference; lastKnownFileType = sourcecode.swift; path = FeatureModels.swift; sourceTree = "<group>"; };
		FB2DC9BA8F0716AA5C08E47D /* DomainTests.swift */ = {isa = PBXFileReference; lastKnownFileType = sourcecode.swift; path = DomainTests.swift; sourceTree = "<group>"; };
		FF230AB5591E50589BC7FD7C /* SettingsStore.swift */ = {isa = PBXFileReference; lastKnownFileType = sourcecode.swift; path = SettingsStore.swift; sourceTree = "<group>"; };
/* End PBXFileReference section */

/* Begin PBXGroup section */
		0A037997CA8C9B114C69ED8A /* Settings */ = {
			isa = PBXGroup;
			children = (
				091827734AB214F394F68079 /* HelpGuideView.swift */,
				11CE854523A6E969A1F390C5 /* SemanticFilterSettingsView.swift */,
				4A34D1910A24C7A7E0E088C3 /* SettingsViews.swift */,
			);
			path = Settings;
			sourceTree = "<group>";
		};
		1C787E65C8F21638C3BB5695 /* Persistence */ = {
			isa = PBXGroup;
			children = (
				59DBE427E9F718C336F15D05 /* KeychainSecretStore.swift */,
				B0C4482B43C636739A28423F /* PersistenceStore.swift */,
				FF230AB5591E50589BC7FD7C /* SettingsStore.swift */,
				99BAF70BB044AF9E1AD69D1E /* SwiftDataModels.swift */,
			);
			path = Persistence;
			sourceTree = "<group>";
		};
		1E9A7C251490EF8EDEAD9BE9 /* Inbox */ = {
			isa = PBXGroup;
			children = (
				1A8A0B349EB70BF91E43C452 /* InboxViews.swift */,
			);
			path = Inbox;
			sourceTree = "<group>";
		};
		34ABF083C1177030E9DFD9AD /* Media */ = {
			isa = PBXGroup;
			children = (
				3ADA388BB004941BD91E22CA /* MediaRouteView.swift */,
			);
			path = Media;
			sourceTree = "<group>";
		};
		47A36FC7ED32E492EF7DE96D /* Domain */ = {
			isa = PBXGroup;
			children = (
				C558368C534ECDBA5AFEAFEE /* AccountsAndDrafts.swift */,
				56C76713C22D86A4C65BD107 /* CoreModels.swift */,
				E0A3935FC274589D0153848F /* Fixtures.swift */,
				2CF65D6AC5BFBC8108845D2B /* Identifiers.swift */,
				6D494E018A47BA7F68C70327 /* NavigationAndSorting.swift */,
				89DF98B8CE5B94AC693B214F /* ServiceContracts.swift */,
			);
			path = Domain;
			sourceTree = "<group>";
		};
		485FC575253231A9FB63AF85 /* OctonautApp */ = {
			isa = PBXGroup;
			children = (
				96C495998B385A09AC8A5F7C /* App */,
				C42EF37036C69A7709846430 /* Auth */,
				6B8B20DAABE3D30A58D977ED /* DesignSystem */,
				47A36FC7ED32E492EF7DE96D /* Domain */,
				7EEC2482B60D496AC4C11DE1 /* Features */,
				F6503CBA1BB112B436B6CE64 /* Intelligence */,
				1C787E65C8F21638C3BB5695 /* Persistence */,
				F8BAB53E63AD08FA824DD768 /* Services */,
				16D534688C88C6BD7A41D954 /* Assets.xcassets */,
				0A49FB85EB8E9610DA1E5BBB /* Info.plist */,
			);
			path = OctonautApp;
			sourceTree = "<group>";
		};
		4FA3949C71FD4506A6542439 /* Account */ = {
			isa = PBXGroup;
			children = (
				9719DD5BF3279C9729B541ED /* AccountViews.swift */,
			);
			path = Account;
			sourceTree = "<group>";
		};
		54EC8D9E8FFF9ACB0FBD4ABF /* Composer */ = {
			isa = PBXGroup;
			children = (
				57F3561C8E40A24723D434F2 /* ComposerView.swift */,
			);
			path = Composer;
			sourceTree = "<group>";
		};
		551CFD28AE1383C843E03FF7 /* PostDetail */ = {
			isa = PBXGroup;
			children = (
				6C8CF8359E566BE9C4DCE81A /* PostDetailViews.swift */,
			);
			path = PostDetail;
			sourceTree = "<group>";
		};
		648676B7F5707044D74A148F /* OctonautTests */ = {
			isa = PBXGroup;
			children = (
				FB2DC9BA8F0716AA5C08E47D /* DomainTests.swift */,
				A9D03C5C0664CE00664AB03A /* IntelligenceTests.swift */,
				274A59F5B87C251E8FB7A606 /* PersistenceTests.swift */,
				6DCAEC32043F4E3095B10E2A /* SettingsTests.swift */,
			);
			path = OctonautTests;
			sourceTree = "<group>";
		};
		6B8B20DAABE3D30A58D977ED /* DesignSystem */ = {
			isa = PBXGroup;
			children = (
				12CB2A6D7E809740CCDC83AA /* OctonautComponents.swift */,
				A1B2C3D4E5F60718293A4B5C /* OctonautImageCache.swift */,
				2227B15B7D816A2D13625A96 /* OctonautMediaComponents.swift */,
				5F3891A7136DD9BFCDF81FE2 /* OctonautTheme.swift */,
			);
			path = DesignSystem;
			sourceTree = "<group>";
		};
		7EEC2482B60D496AC4C11DE1 /* Features */ = {
			isa = PBXGroup;
			children = (
				4FA3949C71FD4506A6542439 /* Account */,
				54EC8D9E8FFF9ACB0FBD4ABF /* Composer */,
				92E18D212348EEBCA68CA280 /* Gallery */,
				1E9A7C251490EF8EDEAD9BE9 /* Inbox */,
				A31FF5CF72ACCC550852E7EC /* Intelligence */,
				34ABF083C1177030E9DFD9AD /* Media */,
				551CFD28AE1383C843E03FF7 /* PostDetail */,
				DC31CE413F78F814C74BCDAC /* Posts */,
				E44E8135D4B929AFF83F7B1D /* Search */,
				0A037997CA8C9B114C69ED8A /* Settings */,
				F7C84D51B97CFC0FB4EEE15A /* FeatureModels.swift */,
				6BF8778D3102A116E6B4AF51 /* FeatureShell.swift */,
				91192762FCDA17BB617946AE /* NOTES.md */,
			);
			path = Features;
			sourceTree = "<group>";
		};
		92E18D212348EEBCA68CA280 /* Gallery */ = {
			isa = PBXGroup;
			children = (
				242DDCD5C118F9FF65F62AB0 /* GalleryPagerView.swift */,
			);
			path = Gallery;
			sourceTree = "<group>";
		};
		96C495998B385A09AC8A5F7C /* App */ = {
			isa = PBXGroup;
			children = (
				F0BB58F53FBE4C922CB767A2 /* AccountCoordinator.swift */,
				448851F7FD9FA586F6048209 /* AppDependencies.swift */,
				F420445C24EF26E2A5063E64 /* AppRootView.swift */,
				59A287AE959E035169DCABB0 /* AppRouter.swift */,
				67D85981A96D1DAEB2054FEE /* OctonautApp.swift */,
				889D3E6DB5EDF8321CE400B4 /* ServiceStubs.swift */,
			);
			path = App;
			sourceTree = "<group>";
		};
		A31FF5CF72ACCC550852E7EC /* Intelligence */ = {
			isa = PBXGroup;
			children = (
				4D04099852D737829BE64637 /* SummaryCardView.swift */,
			);
			path = Intelligence;
			sourceTree = "<group>";
		};
		B46CE7803FE76076901C7CA5 /* Products */ = {
			isa = PBXGroup;
			children = (
				A03AD458002CBC7ED2F08CEB /* Octonaut.app */,
				30AE4448EC56756C5E1BD15C /* OctonautTests.xctest */,
			);
			name = Products;
			sourceTree = "<group>";
		};
		BA025264CAF074FDD99D6A44 = {
			isa = PBXGroup;
			children = (
				485FC575253231A9FB63AF85 /* OctonautApp */,
				648676B7F5707044D74A148F /* OctonautTests */,
				B46CE7803FE76076901C7CA5 /* Products */,
			);
			sourceTree = "<group>";
		};
		C42EF37036C69A7709846430 /* Auth */ = {
			isa = PBXGroup;
			children = (
				54C2BC48600A50CD5582D170 /* AuthenticatedRedditService.swift */,
				C71BA624BF83182C893578AD /* CredentialVaultAdapter.swift */,
				BD8CFDF9F2C75F0167448709 /* RedditLoginView.swift */,
				22BC5E9A904D43A93FEE8DF2 /* RedditSessionValidator.swift */,
			);
			path = Auth;
			sourceTree = "<group>";
		};
		DC31CE413F78F814C74BCDAC /* Posts */ = {
			isa = PBXGroup;
			children = (
				B2210C0C24DFF792FE8DC5BB /* PostsViews.swift */,
			);
			path = Posts;
			sourceTree = "<group>";
		};
		E44E8135D4B929AFF83F7B1D /* Search */ = {
			isa = PBXGroup;
			children = (
				F5A8C70EC7DF9A47E073451B /* SearchRuntime.swift */,
				E879CAB425165F563818B2AF /* SearchViews.swift */,
			);
			path = Search;
			sourceTree = "<group>";
		};
		F6503CBA1BB112B436B6CE64 /* Intelligence */ = {
			isa = PBXGroup;
			children = (
				8306C7B3EF056C4337D48587 /* DeterministicExcerpts.swift */,
				F05F6676B96EE84BE6CDDBA5 /* HelpIndex.swift */,
				521992A2CB98C65A1B425295 /* SemanticFilterEngine.swift */,
			);
			path = Intelligence;
			sourceTree = "<group>";
		};
		F8BAB53E63AD08FA824DD768 /* Services */ = {
			isa = PBXGroup;
			children = (
				3A90DE5AC00B19FAE0703B8B /* AccountCredentialVault.swift */,
				BC9CE904ED045BA98099E224 /* AppleIntelligenceService.swift */,
				B4C9BC1072D53084B618A5B7 /* AVFoundationMediaService.swift */,
				1970066AA56F197B0996D80D /* FixtureRedditClient.swift */,
				D10FEC800F46435E917A2D81 /* RedditClient.swift */,
				2E32DDD4BF4BDE1ADD3C748C /* RedditJSONCodec.swift */,
				99CED08BA2A607B044074805 /* RedditModels.swift */,
			);
			path = Services;
			sourceTree = "<group>";
		};
/* End PBXGroup section */

/* Begin PBXNativeTarget section */
		1902E676D355BAB18C101D9C /* Octonaut */ = {
			isa = PBXNativeTarget;
			buildConfigurationList = 3FF867359B3012EE24F27893 /* Build configuration list for PBXNativeTarget "Octonaut" */;
			buildPhases = (
				AFDFA92F432BC78F752BB944 /* Sources */,
				55CCF40C9ABA0F57B8AE6A0C /* Resources */,
			);
			buildRules = (
			);
			dependencies = (
			);
			name = Octonaut;
			packageProductDependencies = (
			);
			productName = Octonaut;
			productReference = A03AD458002CBC7ED2F08CEB /* Octonaut.app */;
			productType = "com.apple.product-type.application";
		};
		B6F86DAFC409C8ECC0B1AF4F /* OctonautTests */ = {
			isa = PBXNativeTarget;
			buildConfigurationList = C44BCF249C58182284E7E71A /* Build configuration list for PBXNativeTarget "OctonautTests" */;
			buildPhases = (
				D3C02276608F3EB0EAA9C524 /* Sources */,
			);
			buildRules = (
			);
			dependencies = (
				39A968C86681A1EB0F613CAF /* PBXTargetDependency */,
			);
			name = OctonautTests;
			packageProductDependencies = (
			);
			productName = OctonautTests;
			productReference = 30AE4448EC56756C5E1BD15C /* OctonautTests.xctest */;
			productType = "com.apple.product-type.bundle.unit-test";
		};
/* End PBXNativeTarget section */

/* Begin PBXProject section */
		7C99788021B5381CF4813F3A /* Project object */ = {
			isa = PBXProject;
			attributes = {
				BuildIndependentTargetsInParallel = YES;
				LastUpgradeCheck = 2700;
				TargetAttributes = {
					1902E676D355BAB18C101D9C = {
						ProvisioningStyle = Automatic;
					};
					B6F86DAFC409C8ECC0B1AF4F = {
						DevelopmentTeam = "";
						ProvisioningStyle = Automatic;
					};
				};
			};
			buildConfigurationList = 0CC129CA353EF94FE98EAD0F /* Build configuration list for PBXProject "Octonaut" */;
			developmentRegion = en;
			hasScannedForEncodings = 0;
			knownRegions = (
				Base,
				en,
			);
			mainGroup = BA025264CAF074FDD99D6A44;
			minimizedProjectReferenceProxies = 1;
			preferredProjectObjectVersion = 77;
			productRefGroup = B46CE7803FE76076901C7CA5 /* Products */;
			projectDirPath = "";
			projectRoot = "";
			targets = (
				1902E676D355BAB18C101D9C /* Octonaut */,
				B6F86DAFC409C8ECC0B1AF4F /* OctonautTests */,
			);
		};
/* End PBXProject section */

/* Begin PBXResourcesBuildPhase section */
		55CCF40C9ABA0F57B8AE6A0C /* Resources */ = {
			isa = PBXResourcesBuildPhase;
			buildActionMask = 2147483647;
			files = (
				8ED05769FF6F711A6199A531 /* Assets.xcassets in Resources */,
				BF50C89C8E61B1A952BB21A5 /* NOTES.md in Resources */,
			);
			runOnlyForDeploymentPostprocessing = 0;
		};
/* End PBXResourcesBuildPhase section */

/* Begin PBXSourcesBuildPhase section */
		AFDFA92F432BC78F752BB944 /* Sources */ = {
			isa = PBXSourcesBuildPhase;
			buildActionMask = 2147483647;
			files = (
				3AE264437D0FA0858EF3C12E /* AVFoundationMediaService.swift in Sources */,
				5A0CF429F7D40B9C956DCE97 /* AccountCoordinator.swift in Sources */,
				E24CCCB016F4EBD45AD02E33 /* AccountCredentialVault.swift in Sources */,
				A10118D11EF095C44B6C0D7D /* AccountViews.swift in Sources */,
				D8AF595399307DB6E938F62D /* AccountsAndDrafts.swift in Sources */,
				50B6F6CBEB852B0721734E16 /* AppDependencies.swift in Sources */,
				EF6BF20F1F05D3FAF87915D2 /* AppRootView.swift in Sources */,
				39C6B92F2E80ADC4E0458A66 /* AppRouter.swift in Sources */,
				3C48EF499910350DCB898F90 /* AppleIntelligenceService.swift in Sources */,
				BBB6EADD4D3333F8F7237262 /* AuthenticatedRedditService.swift in Sources */,
				961D5430D9B54A609F2DBB89 /* ComposerView.swift in Sources */,
				A4EC7E48A86EA39A69395697 /* CoreModels.swift in Sources */,
				11F29E1BC7F07E730165C797 /* CredentialVaultAdapter.swift in Sources */,
				D3A2149096175007A5727CB7 /* DeterministicExcerpts.swift in Sources */,
				2A7E4A2EB458E3657C29581B /* FeatureModels.swift in Sources */,
				6CF0C15347E199FC27CA17EA /* FeatureShell.swift in Sources */,
				04E60DA498B653577C039043 /* FixtureRedditClient.swift in Sources */,
				8DFB14BCAFAA44026BEC3C5E /* Fixtures.swift in Sources */,
				5A8EB0D94E6B34D7C9A39FE2 /* GalleryPagerView.swift in Sources */,
				523DCD4D947BCBC7E3B6DDB9 /* HelpGuideView.swift in Sources */,
				052AAB1BF3F700225D78A2C6 /* HelpIndex.swift in Sources */,
				F8BEA3C69E13B211EB46D9A9 /* Identifiers.swift in Sources */,
				758D6B663D9A136C9EC28889 /* InboxViews.swift in Sources */,
				B600E72E45D4995BE8ECA4AD /* KeychainSecretStore.swift in Sources */,
				4C816290286A9E2EC5FD6459 /* OctonautApp.swift in Sources */,
				D0C847B8967E8AA8D2A49BB5 /* OctonautComponents.swift in Sources */,
				B1B2C3D4E5F60718293A4B5C /* OctonautImageCache.swift in Sources */,
				8AE0E56E1FCD5CC25142CF45 /* OctonautMediaComponents.swift in Sources */,
				5459742D686683C292C91368 /* OctonautTheme.swift in Sources */,
				2FF9DB4CD56F94FE75912AEE /* MediaRouteView.swift in Sources */,
				EF4281B1556C87382EEA5EEA /* NavigationAndSorting.swift in Sources */,
				27E361ABFC3D63F905BE80D9 /* PersistenceStore.swift in Sources */,
				76967B7249AC59E420FD54FC /* PostDetailViews.swift in Sources */,
				78EF763216657A410044105E /* PostsViews.swift in Sources */,
				7FF3CF3BC85886741124899E /* RedditClient.swift in Sources */,
				4E2540392F22049BD8A34652 /* RedditJSONCodec.swift in Sources */,
				201D9A12DC175D26789DA1F8 /* RedditLoginView.swift in Sources */,
				0A5755A96D7CD5089EC0CA5A /* RedditModels.swift in Sources */,
				E06A71915CD5F38D8E41F46B /* RedditSessionValidator.swift in Sources */,
				5FEB0AC27ABC6CDC2C687296 /* SearchRuntime.swift in Sources */,
				E07BD5A4C45A84689F9045E6 /* SearchViews.swift in Sources */,
				7810659A96D810815532AE02 /* SemanticFilterEngine.swift in Sources */,
				A41918354551C42A127015C0 /* SemanticFilterSettingsView.swift in Sources */,
				4953D0C9E7C13BFB34A4CBEA /* ServiceContracts.swift in Sources */,
				3A8EE4EAA97C1AE54E0B649A /* ServiceStubs.swift in Sources */,
				6D24FACC0269E7C4B063AFFD /* SettingsStore.swift in Sources */,
				FAB8E7CE497DA6EF75436C8D /* SettingsViews.swift in Sources */,
				246C1EF54E7D5B307071FBAA /* SummaryCardView.swift in Sources */,
				67A66E3C4547927C2EE81458 /* SwiftDataModels.swift in Sources */,
			);
			runOnlyForDeploymentPostprocessing = 0;
		};
		D3C02276608F3EB0EAA9C524 /* Sources */ = {
			isa = PBXSourcesBuildPhase;
			buildActionMask = 2147483647;
			files = (
				526CD8E9B8C86D091DE1240F /* DomainTests.swift in Sources */,
				7582C6EDB08F1DCF7251483B /* IntelligenceTests.swift in Sources */,
				E3E4B373BDC0ACFBD17B4A4C /* PersistenceTests.swift in Sources */,
				85E1D81EFB6FC808E3C48BE0 /* SettingsTests.swift in Sources */,
			);
			runOnlyForDeploymentPostprocessing = 0;
		};
/* End PBXSourcesBuildPhase section */

/* Begin PBXTargetDependency section */
		39A968C86681A1EB0F613CAF /* PBXTargetDependency */ = {
			isa = PBXTargetDependency;
			target = 1902E676D355BAB18C101D9C /* Octonaut */;
			targetProxy = 51C5E471862AA7A0D3337B0F /* PBXContainerItemProxy */;
		};
/* End PBXTargetDependency section */

/* Begin XCBuildConfiguration section */
		045710159A61B65B1A89971C /* Release */ = {
			isa = XCBuildConfiguration;
			buildSettings = {
				BUNDLE_LOADER = "$(TEST_HOST)";
				GENERATE_INFOPLIST_FILE = YES;
				LD_RUNPATH_SEARCH_PATHS = (
					"$(inherited)",
					"@executable_path/Frameworks",
					"@loader_path/Frameworks",
				);
				PRODUCT_BUNDLE_IDENTIFIER = com.ledwardchow.OctonautTests;
				SDKROOT = iphoneos;
				TARGETED_DEVICE_FAMILY = "1,2";
				TEST_HOST = "$(BUILT_PRODUCTS_DIR)/Octonaut.app/Octonaut";
			};
			name = Release;
		};
		4C014C2D2D5EE6FE6C290ADB /* Release */ = {
			isa = XCBuildConfiguration;
			buildSettings = {
				ASSETCATALOG_COMPILER_APPICON_NAME = AppIcon;
				CODE_SIGN_IDENTITY = "iPhone Developer";
				DEVELOPMENT_TEAM = 22AYPY84RT;
				GENERATE_INFOPLIST_FILE = YES;
				INFOPLIST_FILE = OctonautApp/Info.plist;
				INFOPLIST_KEY_CFBundleDisplayName = Octonaut;
				INFOPLIST_KEY_LSApplicationCategoryType = "public.app-category.news";
				INFOPLIST_KEY_UILaunchScreen_Generation = YES;
				LD_RUNPATH_SEARCH_PATHS = (
					"$(inherited)",
					"@executable_path/Frameworks",
				);
				PRODUCT_BUNDLE_IDENTIFIER = com.leddytech.octonaut;
				SDKROOT = iphoneos;
				TARGETED_DEVICE_FAMILY = "1,2";
			};
			name = Release;
		};
		63524A12DE246073682BC633 /* Debug */ = {
			isa = XCBuildConfiguration;
			buildSettings = {
				BUNDLE_LOADER = "$(TEST_HOST)";
				GENERATE_INFOPLIST_FILE = YES;
				LD_RUNPATH_SEARCH_PATHS = (
					"$(inherited)",
					"@executable_path/Frameworks",
					"@loader_path/Frameworks",
				);
				PRODUCT_BUNDLE_IDENTIFIER = com.ledwardchow.OctonautTests;
				SDKROOT = iphoneos;
				TARGETED_DEVICE_FAMILY = "1,2";
				TEST_HOST = "$(BUILT_PRODUCTS_DIR)/Octonaut.app/Octonaut";
			};
			name = Debug;
		};
		A4301181D963032CF6CE5C17 /* Release */ = {
			isa = XCBuildConfiguration;
			buildSettings = {
				ALWAYS_SEARCH_USER_PATHS = NO;
				CLANG_ANALYZER_NONNULL = YES;
				CLANG_ANALYZER_NUMBER_OBJECT_CONVERSION = YES_AGGRESSIVE;
				CLANG_CXX_LANGUAGE_STANDARD = "gnu++14";
				CLANG_CXX_LIBRARY = "libc++";
				CLANG_ENABLE_MODULES = YES;
				CLANG_ENABLE_OBJC_ARC = YES;
				CLANG_ENABLE_OBJC_WEAK = YES;
				CLANG_WARN_BLOCK_CAPTURE_AUTORELEASING = YES;
				CLANG_WARN_BOOL_CONVERSION = YES;
				CLANG_WARN_COMMA = YES;
				CLANG_WARN_CONSTANT_CONVERSION = YES;
				CLANG_WARN_DEPRECATED_OBJC_IMPLEMENTATIONS = YES;
				CLANG_WARN_DIRECT_OBJC_ISA_USAGE = YES_ERROR;
				CLANG_WARN_DOCUMENTATION_COMMENTS = YES;
				CLANG_WARN_EMPTY_BODY = YES;
				CLANG_WARN_ENUM_CONVERSION = YES;
				CLANG_WARN_INFINITE_RECURSION = YES;
				CLANG_WARN_INT_CONVERSION = YES;
				CLANG_WARN_NON_LITERAL_NULL_CONVERSION = YES;
				CLANG_WARN_OBJC_IMPLICIT_RETAIN_SELF = YES;
				CLANG_WARN_OBJC_LITERAL_CONVERSION = YES;
				CLANG_WARN_OBJC_ROOT_CLASS = YES_ERROR;
				CLANG_WARN_QUOTED_INCLUDE_IN_FRAMEWORK_HEADER = YES;
				CLANG_WARN_RANGE_LOOP_ANALYSIS = YES;
				CLANG_WARN_STRICT_PROTOTYPES = YES;
				CLANG_WARN_SUSPICIOUS_MOVE = YES;
				CLANG_WARN_UNGUARDED_AVAILABILITY = YES_AGGRESSIVE;
				CLANG_WARN_UNREACHABLE_CODE = YES;
				CLANG_WARN__DUPLICATE_METHOD_MATCH = YES;
				CODE_SIGN_STYLE = Automatic;
				COPY_PHASE_STRIP = NO;
				CURRENT_PROJECT_VERSION = 1;
				DEBUG_INFORMATION_FORMAT = "dwarf-with-dsym";
				DEVELOPMENT_TEAM = "";
				ENABLE_NS_ASSERTIONS = NO;
				ENABLE_STRICT_OBJC_MSGSEND = YES;
				ENABLE_USER_SCRIPT_SANDBOXING = YES;
				GCC_C_LANGUAGE_STANDARD = gnu11;
				GCC_NO_COMMON_BLOCKS = YES;
				GCC_WARN_64_TO_32_BIT_CONVERSION = YES;
				GCC_WARN_ABOUT_RETURN_TYPE = YES_ERROR;
				GCC_WARN_UNDECLARED_SELECTOR = YES;
				GCC_WARN_UNINITIALIZED_AUTOS = YES_AGGRESSIVE;
				GCC_WARN_UNUSED_FUNCTION = YES;
				GCC_WARN_UNUSED_VARIABLE = YES;
				IPHONEOS_DEPLOYMENT_TARGET = 26.0;
				MARKETING_VERSION = 1.0;
				MTL_ENABLE_DEBUG_INFO = NO;
				MTL_FAST_MATH = YES;
				PRODUCT_NAME = "$(TARGET_NAME)";
				SDKROOT = iphoneos;
				STRING_CATALOG_GENERATE_SYMBOLS = YES;
				SWIFT_COMPILATION_MODE = wholemodule;
				SWIFT_OPTIMIZATION_LEVEL = "-O";
				SWIFT_STRICT_CONCURRENCY = complete;
				SWIFT_VERSION = 6.0;
				TARGETED_DEVICE_FAMILY = "1,2";
			};
			name = Release;
		};
		CCFD8F156F26BE37BBB20107 /* Debug */ = {
			isa = XCBuildConfiguration;
			buildSettings = {
				ALWAYS_SEARCH_USER_PATHS = NO;
				CLANG_ANALYZER_NONNULL = YES;
				CLANG_ANALYZER_NUMBER_OBJECT_CONVERSION = YES_AGGRESSIVE;
				CLANG_CXX_LANGUAGE_STANDARD = "gnu++14";
				CLANG_CXX_LIBRARY = "libc++";
				CLANG_ENABLE_MODULES = YES;
				CLANG_ENABLE_OBJC_ARC = YES;
				CLANG_ENABLE_OBJC_WEAK = YES;
				CLANG_WARN_BLOCK_CAPTURE_AUTORELEASING = YES;
				CLANG_WARN_BOOL_CONVERSION = YES;
				CLANG_WARN_COMMA = YES;
				CLANG_WARN_CONSTANT_CONVERSION = YES;
				CLANG_WARN_DEPRECATED_OBJC_IMPLEMENTATIONS = YES;
				CLANG_WARN_DIRECT_OBJC_ISA_USAGE = YES_ERROR;
				CLANG_WARN_DOCUMENTATION_COMMENTS = YES;
				CLANG_WARN_EMPTY_BODY = YES;
				CLANG_WARN_ENUM_CONVERSION = YES;
				CLANG_WARN_INFINITE_RECURSION = YES;
				CLANG_WARN_INT_CONVERSION = YES;
				CLANG_WARN_NON_LITERAL_NULL_CONVERSION = YES;
				CLANG_WARN_OBJC_IMPLICIT_RETAIN_SELF = YES;
				CLANG_WARN_OBJC_LITERAL_CONVERSION = YES;
				CLANG_WARN_OBJC_ROOT_CLASS = YES_ERROR;
				CLANG_WARN_QUOTED_INCLUDE_IN_FRAMEWORK_HEADER = YES;
				CLANG_WARN_RANGE_LOOP_ANALYSIS = YES;
				CLANG_WARN_STRICT_PROTOTYPES = YES;
				CLANG_WARN_SUSPICIOUS_MOVE = YES;
				CLANG_WARN_UNGUARDED_AVAILABILITY = YES_AGGRESSIVE;
				CLANG_WARN_UNREACHABLE_CODE = YES;
				CLANG_WARN__DUPLICATE_METHOD_MATCH = YES;
				CODE_SIGN_STYLE = Automatic;
				COPY_PHASE_STRIP = NO;
				CURRENT_PROJECT_VERSION = 1;
				DEBUG_INFORMATION_FORMAT = dwarf;
				DEVELOPMENT_TEAM = "";
				ENABLE_STRICT_OBJC_MSGSEND = YES;
				ENABLE_TESTABILITY = YES;
				ENABLE_USER_SCRIPT_SANDBOXING = YES;
				GCC_C_LANGUAGE_STANDARD = gnu11;
				GCC_DYNAMIC_NO_PIC = NO;
				GCC_NO_COMMON_BLOCKS = YES;
				GCC_OPTIMIZATION_LEVEL = 0;
				GCC_PREPROCESSOR_DEFINITIONS = (
					"$(inherited)",
					"DEBUG=1",
				);
				GCC_WARN_64_TO_32_BIT_CONVERSION = YES;
				GCC_WARN_ABOUT_RETURN_TYPE = YES_ERROR;
				GCC_WARN_UNDECLARED_SELECTOR = YES;
				GCC_WARN_UNINITIALIZED_AUTOS = YES_AGGRESSIVE;
				GCC_WARN_UNUSED_FUNCTION = YES;
				GCC_WARN_UNUSED_VARIABLE = YES;
				IPHONEOS_DEPLOYMENT_TARGET = 26.0;
				MARKETING_VERSION = 1.0;
				MTL_ENABLE_DEBUG_INFO = INCLUDE_SOURCE;
				MTL_FAST_MATH = YES;
				ONLY_ACTIVE_ARCH = YES;
				PRODUCT_NAME = "$(TARGET_NAME)";
				SDKROOT = iphoneos;
				STRING_CATALOG_GENERATE_SYMBOLS = YES;
				SWIFT_ACTIVE_COMPILATION_CONDITIONS = DEBUG;
				SWIFT_OPTIMIZATION_LEVEL = "-Onone";
				SWIFT_STRICT_CONCURRENCY = complete;
				SWIFT_VERSION = 6.0;
				TARGETED_DEVICE_FAMILY = "1,2";
			};
			name = Debug;
		};
		EA02398441FE44D9E161418B /* Debug */ = {
			isa = XCBuildConfiguration;
			buildSettings = {
				ASSETCATALOG_COMPILER_APPICON_NAME = AppIcon;
				CODE_SIGN_IDENTITY = "iPhone Developer";
				DEVELOPMENT_TEAM = 22AYPY84RT;
				GENERATE_INFOPLIST_FILE = YES;
				INFOPLIST_FILE = OctonautApp/Info.plist;
				INFOPLIST_KEY_CFBundleDisplayName = Octonaut;
				INFOPLIST_KEY_LSApplicationCategoryType = "public.app-category.news";
				INFOPLIST_KEY_UILaunchScreen_Generation = YES;
				LD_RUNPATH_SEARCH_PATHS = (
					"$(inherited)",
					"@executable_path/Frameworks",
				);
				PRODUCT_BUNDLE_IDENTIFIER = com.leddytech.octonaut;
				SDKROOT = iphoneos;
				TARGETED_DEVICE_FAMILY = "1,2";
			};
			name = Debug;
		};
/* End XCBuildConfiguration section */

/* Begin XCConfigurationList section */
		0CC129CA353EF94FE98EAD0F /* Build configuration list for PBXProject "Octonaut" */ = {
			isa = XCConfigurationList;
			buildConfigurations = (
				CCFD8F156F26BE37BBB20107 /* Debug */,
				A4301181D963032CF6CE5C17 /* Release */,
			);
			defaultConfigurationIsVisible = 0;
			defaultConfigurationName = Debug;
		};
		3FF867359B3012EE24F27893 /* Build configuration list for PBXNativeTarget "Octonaut" */ = {
			isa = XCConfigurationList;
			buildConfigurations = (
				EA02398441FE44D9E161418B /* Debug */,
				4C014C2D2D5EE6FE6C290ADB /* Release */,
			);
			defaultConfigurationIsVisible = 0;
			defaultConfigurationName = Debug;
		};
		C44BCF249C58182284E7E71A /* Build configuration list for PBXNativeTarget "OctonautTests" */ = {
			isa = XCConfigurationList;
			buildConfigurations = (
				63524A12DE246073682BC633 /* Debug */,
				045710159A61B65B1A89971C /* Release */,
			);
			defaultConfigurationIsVisible = 0;
			defaultConfigurationName = Debug;
		};
/* End XCConfigurationList section */
	};
	rootObject = 7C99788021B5381CF4813F3A /* Project object */;
}
